
Microsoft Visual Studio Solution File, Format Version 12.00
# Visual Studio Version 17
VisualStudioVersion = 17.2.32616.157
MinimumVisualStudioVersion = 10.0.40219.1
Project("{FAE04EC0-301F-11D3-BF4B-00C04F79EFBC}") = "MVCFirstApp", "MVCFirstApp\MVCFirstApp.csproj", "{DAA37386-23AE-4EAE-94B8-01BC3AAE97EA}"
EndProject
Global
	GlobalSection(SolutionConfigurationPlatforms) = preSolution
		Debug|Any CPU = Debug|Any CPU
		Release|Any CPU = Release|Any CPU
	EndGlobalSection
	GlobalSection(ProjectConfigurationPlatforms) = postSolution
		{DAA37386-23AE-4EAE-94B8-01BC3AAE97EA}.Debug|Any CPU.ActiveCfg = Debug|Any CPU
		{DAA37386-23AE-4EAE-94B8-01BC3AAE97EA}.Debug|Any CPU.Build.0 = Debug|Any CPU
		{DAA37386-23AE-4EAE-94B8-01BC3AAE97EA}.Release|Any CPU.ActiveCfg = Release|Any CPU
		{DAA37386-23AE-4EAE-94B8-01BC3AAE97EA}.Release|Any CPU.Build.0 = Release|Any CPU
	EndGlobalSection
	GlobalSection(SolutionProperties) = preSolution
		HideSolutionNode = FALSE
	EndGlobalSection
	GlobalSection(ExtensibilityGlobals) = postSolution
		SolutionGuid = {3DBBCFB7-0E39-4E75-83AC-597E76FF04BE}
	EndGlobalSection
EndGlobal
